<Solution>
  <Folder Name="/Aspire/">
    <Project Path="AppHost/AppHost.csproj" />
    <Project Path="ServiceDefaults/ServiceDefaults.csproj" />
  </Folder>
  <Folder Name="/Frontend/" />
  <Folder Name="/Services/">
    <Project Path="CartAPI/CartAPI.csproj" />
    <Project Path="CatalogAPI/CatalogAPI.csproj" />
  </Folder>
</Solution>
